<?xml version="1.0" encoding="utf-8"?>
<Project ToolsVersion="4.0" xmlns="http://schemas.microsoft.com/developer/msbuild/2003">
  <ItemGroup>
    <Filter Include="原始程式檔">
      <UniqueIdentifier>{4FC737F1-C7A5-4376-A066-2A32D752A2FF}</UniqueIdentifier>
      <Extensions>cpp;c;cc;cxx;def;odl;idl;hpj;bat;asm;asmx</Extensions>
    </Filter>
    <Filter Include="標頭檔">
      <UniqueIdentifier>{93995380-89BD-4b04-88EB-625FBE52EBFB}</UniqueIdentifier>
      <Extensions>h;hpp;hxx;hm;inl;inc;xsd</Extensions>
    </Filter>
    <Filter Include="資源檔">
      <UniqueIdentifier>{67DA6AB6-F800-4c08-8B7A-83BB121AAD01}</UniqueIdentifier>
      <Extensions>rc;ico;cur;bmp;dlg;rc2;rct;bin;rgs;gif;jpg;jpeg;jpe;resx;tiff;tif;png;wav;mfcribbon-ms</Extensions>
    </Filter>
  </ItemGroup>
  <ItemGroup>
    <ClCompile Include="Chehra_draw.cpp">
      <Filter>原始程式檔</Filter>
    </ClCompile>
    <ClCompile Include="Function_v2.cpp">
      <Filter>原始程式檔</Filter>
    </ClCompile>
    <ClCompile Include="GaborFR.cpp">
      <Filter>原始程式檔</Filter>
    </ClCompile>
    <ClCompile Include="Ill_Nor.cpp">
      <Filter>原始程式檔</Filter>
    </ClCompile>
    <ClCompile Include="SolveHomotopy_mex.cpp">
      <Filter>原始程式檔</Filter>
    </ClCompile>
    <ClCompile Include="SRC_sort.cpp">
      <Filter>原始程式檔</Filter>
    </ClCompile>
    <ClCompile Include="LM_set.cpp">
      <Filter>原始程式檔</Filter>
    </ClCompile>
    <ClCompile Include="mine_imgProc.cpp">
      <Filter>原始程式檔</Filter>
    </ClCompile>
    <ClCompile Include="file_read_mine.cpp">
      <Filter>原始程式檔</Filter>
    </ClCompile>
    <ClCompile Include="a2_3_MPIE_Reg_demo.cpp">
      <Filter>原始程式檔</Filter>
    </ClCompile>
  </ItemGroup>
  <ItemGroup>
    <ClInclude Include="Chehra_Linker.h">
      <Filter>標頭檔</Filter>
    </ClInclude>
    <ClInclude Include="Chehra_draw.h">
      <Filter>標頭檔</Filter>
    </ClInclude>
    <ClInclude Include="LandmarkDetect_v2.h">
      <Filter>標頭檔</Filter>
    </ClInclude>
    <ClInclude Include="file_read_mine.h">
      <Filter>標頭檔</Filter>
    </ClInclude>
    <ClInclude Include="GaborFR.h">
      <Filter>標頭檔</Filter>
    </ClInclude>
    <ClInclude Include="Ill_Nor.h">
      <Filter>標頭檔</Filter>
    </ClInclude>
    <ClInclude Include="SolveHomotopy.h">
      <Filter>標頭檔</Filter>
    </ClInclude>
    <ClInclude Include="SRC_sort.h">
      <Filter>標頭檔</Filter>
    </ClInclude>
    <ClInclude Include="LM_set.h">
      <Filter>標頭檔</Filter>
    </ClInclude>
    <ClInclude Include="mine_imgProc.h">
      <Filter>標頭檔</Filter>
    </ClInclude>
  </ItemGroup>
</Project>